
Microsoft Visual Studio Solution File, Format Version 12.00
# Visual Studio Version 17
VisualStudioVersion = 17.13.35818.85 d17.13
MinimumVisualStudioVersion = 10.0.40219.1
Project("{FAE04EC0-301F-11D3-BF4B-00C04F79EFBC}") = "QueryAnalyzer", "QueryAnalyzer\QueryAnalyzer.csproj", "{F577F58D-336D-4691-8D6A-346A5AB3E100}"
EndProject
Global
	GlobalSection(SolutionConfigurationPlatforms) = preSolution
		Debug|Any CPU = Debug|Any CPU
		Release|Any CPU = Release|Any CPU
	EndGlobalSection
	GlobalSection(ProjectConfigurationPlatforms) = postSolution
		{F577F58D-336D-4691-8D6A-346A5AB3E100}.Debug|Any CPU.ActiveCfg = Debug|Any CPU
		{F577F58D-336D-4691-8D6A-346A5AB3E100}.Debug|Any CPU.Build.0 = Debug|Any CPU
		{F577F58D-336D-4691-8D6A-346A5AB3E100}.Release|Any CPU.ActiveCfg = Release|Any CPU
		{F577F58D-336D-4691-8D6A-346A5AB3E100}.Release|Any CPU.Build.0 = Release|Any CPU
	EndGlobalSection
	GlobalSection(SolutionProperties) = preSolution
		HideSolutionNode = FALSE
	EndGlobalSection
	GlobalSection(ExtensibilityGlobals) = postSolution
		SolutionGuid = {DBB93BBF-04E7-4D91-AEDF-B05E5939CD28}
	EndGlobalSection
EndGlobal
